
Microsoft Visual Studio Solution File, Format Version 12.00
# Visual Studio 15
Project("{FAE04EC0-301F-11D3-BF4B-00C04F79EFBC}") = "Homework_3_2.Android", "Homework_3_2.Android\Homework_3_2.Android.csproj", "{BFD91716-F512-4EAD-8D49-25082EA90E6C}"
EndProject
Project("{FAE04EC0-301F-11D3-BF4B-00C04F79EFBC}") = "Homework_3_2.iOS", "Homework_3_2.iOS\Homework_3_2.iOS.csproj", "{F206FFFE-2E5E-4810-9C70-03D01DC8E94E}"
EndProject
Project("{FAE04EC0-301F-11D3-BF4B-00C04F79EFBC}") = "Homework_3_2", "Homework_3_2\Homework_3_2.csproj", "{4B5E1F93-4095-4B5E-89DE-36B7A7071AE4}"
EndProject
Global
	GlobalSection(SolutionConfigurationPlatforms) = preSolution
		Debug|Any CPU = Debug|Any CPU
		Release|Any CPU = Release|Any CPU
		Debug|iPhoneSimulator = Debug|iPhoneSimulator
		Release|iPhoneSimulator = Release|iPhoneSimulator
		Debug|iPhone = Debug|iPhone
		Release|iPhone = Release|iPhone
	EndGlobalSection
	GlobalSection(ProjectConfigurationPlatforms) = postSolution
		{BFD91716-F512-4EAD-8D49-25082EA90E6C}.Debug|Any CPU.ActiveCfg = Debug|Any CPU
		{BFD91716-F512-4EAD-8D49-25082EA90E6C}.Debug|Any CPU.Build.0 = Debug|Any CPU
		{BFD91716-F512-4EAD-8D49-25082EA90E6C}.Release|Any CPU.ActiveCfg = Release|Any CPU
		{BFD91716-F512-4EAD-8D49-25082EA90E6C}.Release|Any CPU.Build.0 = Release|Any CPU
		{BFD91716-F512-4EAD-8D49-25082EA90E6C}.Debug|iPhoneSimulator.ActiveCfg = Debug|Any CPU
		{BFD91716-F512-4EAD-8D49-25082EA90E6C}.Debug|iPhoneSimulator.Build.0 = Debug|Any CPU
		{BFD91716-F512-4EAD-8D49-25082EA90E6C}.Release|iPhoneSimulator.ActiveCfg = Release|Any CPU
		{BFD91716-F512-4EAD-8D49-25082EA90E6C}.Release|iPhoneSimulator.Build.0 = Release|Any CPU
		{BFD91716-F512-4EAD-8D49-25082EA90E6C}.Debug|iPhone.ActiveCfg = Debug|Any CPU
		{BFD91716-F512-4EAD-8D49-25082EA90E6C}.Debug|iPhone.Build.0 = Debug|Any CPU
		{BFD91716-F512-4EAD-8D49-25082EA90E6C}.Release|iPhone.ActiveCfg = Release|Any CPU
		{BFD91716-F512-4EAD-8D49-25082EA90E6C}.Release|iPhone.Build.0 = Release|Any CPU
		{F206FFFE-2E5E-4810-9C70-03D01DC8E94E}.Debug|Any CPU.ActiveCfg = Debug|iPhoneSimulator
		{F206FFFE-2E5E-4810-9C70-03D01DC8E94E}.Debug|Any CPU.Build.0 = Debug|iPhoneSimulator
		{F206FFFE-2E5E-4810-9C70-03D01DC8E94E}.Release|Any CPU.ActiveCfg = Release|iPhoneSimulator
		{F206FFFE-2E5E-4810-9C70-03D01DC8E94E}.Release|Any CPU.Build.0 = Release|iPhoneSimulator
		{F206FFFE-2E5E-4810-9C70-03D01DC8E94E}.Debug|iPhoneSimulator.ActiveCfg = Debug|iPhoneSimulator
		{F206FFFE-2E5E-4810-9C70-03D01DC8E94E}.Debug|iPhoneSimulator.Build.0 = Debug|iPhoneSimulator
		{F206FFFE-2E5E-4810-9C70-03D01DC8E94E}.Release|iPhoneSimulator.ActiveCfg = Release|iPhoneSimulator
		{F206FFFE-2E5E-4810-9C70-03D01DC8E94E}.Release|iPhoneSimulator.Build.0 = Release|iPhoneSimulator
		{F206FFFE-2E5E-4810-9C70-03D01DC8E94E}.Debug|iPhone.ActiveCfg = Debug|iPhone
		{F206FFFE-2E5E-4810-9C70-03D01DC8E94E}.Debug|iPhone.Build.0 = Debug|iPhone
		{F206FFFE-2E5E-4810-9C70-03D01DC8E94E}.Release|iPhone.ActiveCfg = Release|iPhone
		{F206FFFE-2E5E-4810-9C70-03D01DC8E94E}.Release|iPhone.Build.0 = Release|iPhone
		{4B5E1F93-4095-4B5E-89DE-36B7A7071AE4}.Debug|Any CPU.ActiveCfg = Debug|Any CPU
		{4B5E1F93-4095-4B5E-89DE-36B7A7071AE4}.Debug|Any CPU.Build.0 = Debug|Any CPU
		{4B5E1F93-4095-4B5E-89DE-36B7A7071AE4}.Release|Any CPU.ActiveCfg = Release|Any CPU
		{4B5E1F93-4095-4B5E-89DE-36B7A7071AE4}.Release|Any CPU.Build.0 = Release|Any CPU
		{4B5E1F93-4095-4B5E-89DE-36B7A7071AE4}.Debug|iPhoneSimulator.ActiveCfg = Debug|Any CPU
		{4B5E1F93-4095-4B5E-89DE-36B7A7071AE4}.Debug|iPhoneSimulator.Build.0 = Debug|Any CPU
		{4B5E1F93-4095-4B5E-89DE-36B7A7071AE4}.Release|iPhoneSimulator.ActiveCfg = Release|Any CPU
		{4B5E1F93-4095-4B5E-89DE-36B7A7071AE4}.Release|iPhoneSimulator.Build.0 = Release|Any CPU
		{4B5E1F93-4095-4B5E-89DE-36B7A7071AE4}.Debug|iPhone.ActiveCfg = Debug|Any CPU
		{4B5E1F93-4095-4B5E-89DE-36B7A7071AE4}.Debug|iPhone.Build.0 = Debug|Any CPU
		{4B5E1F93-4095-4B5E-89DE-36B7A7071AE4}.Release|iPhone.ActiveCfg = Release|Any CPU
		{4B5E1F93-4095-4B5E-89DE-36B7A7071AE4}.Release|iPhone.Build.0 = Release|Any CPU
	EndGlobalSection
EndGlobal
